
Microsoft Visual Studio Solution File, Format Version 12.00
# Visual Studio Version 17
VisualStudioVersion = 17.0.31903.59
MinimumVisualStudioVersion = 10.0.40219.1
Project("{FAE04EC0-301F-11D3-BF4B-00C04F79EFBC}") = "iac", "iac\iac.csproj", "{6DEB9E0A-2F7F-4433-90B1-7287019AE960}"
EndProject
Project("{FAE04EC0-301F-11D3-BF4B-00C04F79EFBC}") = "GetUser", "modules\GetUser\GetUser.csproj", "{E7195F8B-1DC2-4B15-AD31-053746316DE4}"
EndProject
Project("{FAE04EC0-301F-11D3-BF4B-00C04F79EFBC}") = "ScanLambdaDirectory", "modules\ScanLambdaDirectory\ScanLambdaDirectory.csproj", "{19B5FC56-A01E-433F-AA99-6CA4214D7287}"
EndProject
Project("{FAE04EC0-301F-11D3-BF4B-00C04F79EFBC}") = "shared", "shared\shared.csproj", "{80F4A6CB-6426-4A73-8269-C633CBA9AFE8}"
EndProject
Project("{FAE04EC0-301F-11D3-BF4B-00C04F79EFBC}") = "common", "common\common.csproj", "{FB2138BD-8FE6-4F9D-B6B3-172728E24026}"
EndProject
Global
	GlobalSection(SolutionConfigurationPlatforms) = preSolution
		Debug|Any CPU = Debug|Any CPU
		Debug|x64 = Debug|x64
		Debug|x86 = Debug|x86
		Release|Any CPU = Release|Any CPU
		Release|x64 = Release|x64
		Release|x86 = Release|x86
	EndGlobalSection
	GlobalSection(ProjectConfigurationPlatforms) = postSolution
		{6DEB9E0A-2F7F-4433-90B1-7287019AE960}.Debug|Any CPU.ActiveCfg = Debug|Any CPU
		{6DEB9E0A-2F7F-4433-90B1-7287019AE960}.Debug|Any CPU.Build.0 = Debug|Any CPU
		{6DEB9E0A-2F7F-4433-90B1-7287019AE960}.Debug|x64.ActiveCfg = Debug|Any CPU
		{6DEB9E0A-2F7F-4433-90B1-7287019AE960}.Debug|x64.Build.0 = Debug|Any CPU
		{6DEB9E0A-2F7F-4433-90B1-7287019AE960}.Debug|x86.ActiveCfg = Debug|Any CPU
		{6DEB9E0A-2F7F-4433-90B1-7287019AE960}.Debug|x86.Build.0 = Debug|Any CPU
		{6DEB9E0A-2F7F-4433-90B1-7287019AE960}.Release|Any CPU.ActiveCfg = Release|Any CPU
		{6DEB9E0A-2F7F-4433-90B1-7287019AE960}.Release|Any CPU.Build.0 = Release|Any CPU
		{6DEB9E0A-2F7F-4433-90B1-7287019AE960}.Release|x64.ActiveCfg = Release|Any CPU
		{6DEB9E0A-2F7F-4433-90B1-7287019AE960}.Release|x64.Build.0 = Release|Any CPU
		{6DEB9E0A-2F7F-4433-90B1-7287019AE960}.Release|x86.ActiveCfg = Release|Any CPU
		{6DEB9E0A-2F7F-4433-90B1-7287019AE960}.Release|x86.Build.0 = Release|Any CPU
		{E7195F8B-1DC2-4B15-AD31-053746316DE4}.Debug|Any CPU.ActiveCfg = Debug|Any CPU
		{E7195F8B-1DC2-4B15-AD31-053746316DE4}.Debug|Any CPU.Build.0 = Debug|Any CPU
		{E7195F8B-1DC2-4B15-AD31-053746316DE4}.Debug|x64.ActiveCfg = Debug|Any CPU
		{E7195F8B-1DC2-4B15-AD31-053746316DE4}.Debug|x64.Build.0 = Debug|Any CPU
		{E7195F8B-1DC2-4B15-AD31-053746316DE4}.Debug|x86.ActiveCfg = Debug|Any CPU
		{E7195F8B-1DC2-4B15-AD31-053746316DE4}.Debug|x86.Build.0 = Debug|Any CPU
		{E7195F8B-1DC2-4B15-AD31-053746316DE4}.Release|Any CPU.ActiveCfg = Release|Any CPU
		{E7195F8B-1DC2-4B15-AD31-053746316DE4}.Release|Any CPU.Build.0 = Release|Any CPU
		{E7195F8B-1DC2-4B15-AD31-053746316DE4}.Release|x64.ActiveCfg = Release|Any CPU
		{E7195F8B-1DC2-4B15-AD31-053746316DE4}.Release|x64.Build.0 = Release|Any CPU
		{E7195F8B-1DC2-4B15-AD31-053746316DE4}.Release|x86.ActiveCfg = Release|Any CPU
		{E7195F8B-1DC2-4B15-AD31-053746316DE4}.Release|x86.Build.0 = Release|Any CPU
		{19B5FC56-A01E-433F-AA99-6CA4214D7287}.Debug|Any CPU.ActiveCfg = Debug|Any CPU
		{19B5FC56-A01E-433F-AA99-6CA4214D7287}.Debug|Any CPU.Build.0 = Debug|Any CPU
		{19B5FC56-A01E-433F-AA99-6CA4214D7287}.Debug|x64.ActiveCfg = Debug|Any CPU
		{19B5FC56-A01E-433F-AA99-6CA4214D7287}.Debug|x64.Build.0 = Debug|Any CPU
		{19B5FC56-A01E-433F-AA99-6CA4214D7287}.Debug|x86.ActiveCfg = Debug|Any CPU
		{19B5FC56-A01E-433F-AA99-6CA4214D7287}.Debug|x86.Build.0 = Debug|Any CPU
		{19B5FC56-A01E-433F-AA99-6CA4214D7287}.Release|Any CPU.ActiveCfg = Release|Any CPU
		{19B5FC56-A01E-433F-AA99-6CA4214D7287}.Release|Any CPU.Build.0 = Release|Any CPU
		{19B5FC56-A01E-433F-AA99-6CA4214D7287}.Release|x64.ActiveCfg = Release|Any CPU
		{19B5FC56-A01E-433F-AA99-6CA4214D7287}.Release|x64.Build.0 = Release|Any CPU
		{19B5FC56-A01E-433F-AA99-6CA4214D7287}.Release|x86.ActiveCfg = Release|Any CPU
		{19B5FC56-A01E-433F-AA99-6CA4214D7287}.Release|x86.Build.0 = Release|Any CPU
		{80F4A6CB-6426-4A73-8269-C633CBA9AFE8}.Debug|Any CPU.ActiveCfg = Debug|Any CPU
		{80F4A6CB-6426-4A73-8269-C633CBA9AFE8}.Debug|Any CPU.Build.0 = Debug|Any CPU
		{80F4A6CB-6426-4A73-8269-C633CBA9AFE8}.Debug|x64.ActiveCfg = Debug|Any CPU
		{80F4A6CB-6426-4A73-8269-C633CBA9AFE8}.Debug|x64.Build.0 = Debug|Any CPU
		{80F4A6CB-6426-4A73-8269-C633CBA9AFE8}.Debug|x86.ActiveCfg = Debug|Any CPU
		{80F4A6CB-6426-4A73-8269-C633CBA9AFE8}.Debug|x86.Build.0 = Debug|Any CPU
		{80F4A6CB-6426-4A73-8269-C633CBA9AFE8}.Release|Any CPU.ActiveCfg = Release|Any CPU
		{80F4A6CB-6426-4A73-8269-C633CBA9AFE8}.Release|Any CPU.Build.0 = Release|Any CPU
		{80F4A6CB-6426-4A73-8269-C633CBA9AFE8}.Release|x64.ActiveCfg = Release|Any CPU
		{80F4A6CB-6426-4A73-8269-C633CBA9AFE8}.Release|x64.Build.0 = Release|Any CPU
		{80F4A6CB-6426-4A73-8269-C633CBA9AFE8}.Release|x86.ActiveCfg = Release|Any CPU
		{80F4A6CB-6426-4A73-8269-C633CBA9AFE8}.Release|x86.Build.0 = Release|Any CPU
		{FB2138BD-8FE6-4F9D-B6B3-172728E24026}.Debug|Any CPU.ActiveCfg = Debug|Any CPU
		{FB2138BD-8FE6-4F9D-B6B3-172728E24026}.Debug|Any CPU.Build.0 = Debug|Any CPU
		{FB2138BD-8FE6-4F9D-B6B3-172728E24026}.Debug|x64.ActiveCfg = Debug|Any CPU
		{FB2138BD-8FE6-4F9D-B6B3-172728E24026}.Debug|x64.Build.0 = Debug|Any CPU
		{FB2138BD-8FE6-4F9D-B6B3-172728E24026}.Debug|x86.ActiveCfg = Debug|Any CPU
		{FB2138BD-8FE6-4F9D-B6B3-172728E24026}.Debug|x86.Build.0 = Debug|Any CPU
		{FB2138BD-8FE6-4F9D-B6B3-172728E24026}.Release|Any CPU.ActiveCfg = Release|Any CPU
		{FB2138BD-8FE6-4F9D-B6B3-172728E24026}.Release|Any CPU.Build.0 = Release|Any CPU
		{FB2138BD-8FE6-4F9D-B6B3-172728E24026}.Release|x64.ActiveCfg = Release|Any CPU
		{FB2138BD-8FE6-4F9D-B6B3-172728E24026}.Release|x64.Build.0 = Release|Any CPU
		{FB2138BD-8FE6-4F9D-B6B3-172728E24026}.Release|x86.ActiveCfg = Release|Any CPU
		{FB2138BD-8FE6-4F9D-B6B3-172728E24026}.Release|x86.Build.0 = Release|Any CPU
	EndGlobalSection
	GlobalSection(SolutionProperties) = preSolution
		HideSolutionNode = FALSE
	EndGlobalSection
	GlobalSection(NestedProjects) = preSolution
	EndGlobalSection
EndGlobal
